{
  "name": "mandelbrot",
  "version": "1.0.0",
  "lockfileVersion": 3,
  "requires": true,
  "packages": {
    "": {
      "name": "mandelbrot",
      "version": "1.0.0",
      "license": "ISC",
      "dependencies": {
        "commander": "^14.0.0",
        "math": "^0.0.3"
      }
    },
    "node_modules/commander": {
      "version": "14.0.0",
      "resolved": "https://registry.npmjs.org/commander/-/commander-14.0.0.tgz",
      "integrity": "sha512-2uM9rYjPvyq39NwLRqaiLtWHyDC1FvryJDa2ATTVims5YAS4PupsEQsDvP14FqhFr0P49CYDugi59xaxJlTXRA==",
      "license": "MIT",
      "engines": {
        "node": ">=20"
      }
    },
    "node_modules/math": {
      "version": "0.0.3",
      "resolved": "https://registry.npmjs.org/math/-/math-0.0.3.tgz",
      "integrity": "sha512-xyNJxsEwpYBabFmCgwg7TFRljf5oGgV2h1TqP0H9RnykScaSKgoVlBaEz+Gov8NOdxFagoTzRg1aEBfayi8qQQ==",
      "engines": {
        "node": "> 0.0.0"
      }
    }
  }
}
